
Microsoft Visual Studio Solution File, Format Version 12.00
# Visual Studio Version 17
VisualStudioVersion = 17.0.31919.166
MinimumVisualStudioVersion = 10.0.40219.1
Project("{FAE04EC0-301F-11D3-BF4B-00C04F79EFBC}") = "Assignment_No8", "Assignment_No8\Assignment_No8.csproj", "{57D43042-0427-473D-8823-BC4A08A8AB94}"
EndProject
Global
	GlobalSection(SolutionConfigurationPlatforms) = preSolution
		Debug|Any CPU = Debug|Any CPU
		Release|Any CPU = Release|Any CPU
	EndGlobalSection
	GlobalSection(ProjectConfigurationPlatforms) = postSolution
		{57D43042-0427-473D-8823-BC4A08A8AB94}.Debug|Any CPU.ActiveCfg = Debug|Any CPU
		{57D43042-0427-473D-8823-BC4A08A8AB94}.Debug|Any CPU.Build.0 = Debug|Any CPU
		{57D43042-0427-473D-8823-BC4A08A8AB94}.Release|Any CPU.ActiveCfg = Release|Any CPU
		{57D43042-0427-473D-8823-BC4A08A8AB94}.Release|Any CPU.Build.0 = Release|Any CPU
	EndGlobalSection
	GlobalSection(SolutionProperties) = preSolution
		HideSolutionNode = FALSE
	EndGlobalSection
	GlobalSection(ExtensibilityGlobals) = postSolution
		SolutionGuid = {F665EF48-32A1-4AA3-B824-E81C0D35A91F}
	EndGlobalSection
EndGlobal
